
Microsoft Visual Studio Solution File, Format Version 12.00
# Visual Studio Version 17
VisualStudioVersion = 17.9.34622.214
MinimumVisualStudioVersion = 10.0.40219.1
Project("{9A19103F-16F7-4668-BE54-9A1E7A4F7556}") = "Sheenam.Api", "Sheenam.Api\Sheenam.Api.csproj", "{AD22DEAB-3108-4CD4-B55F-759193FF0193}"
EndProject
Project("{FAE04EC0-301F-11D3-BF4B-00C04F79EFBC}") = "Sheenam.Api.Tests.Unit", "Sheenam.Api.Tests.Unit\Sheenam.Api.Tests.Unit.csproj", "{02672716-8FB2-4420-9FA7-57F6D6596A2B}"
EndProject
Global
	GlobalSection(SolutionConfigurationPlatforms) = preSolution
		Debug|Any CPU = Debug|Any CPU
		Release|Any CPU = Release|Any CPU
	EndGlobalSection
	GlobalSection(ProjectConfigurationPlatforms) = postSolution
		{AD22DEAB-3108-4CD4-B55F-759193FF0193}.Debug|Any CPU.ActiveCfg = Debug|Any CPU
		{AD22DEAB-3108-4CD4-B55F-759193FF0193}.Debug|Any CPU.Build.0 = Debug|Any CPU
		{AD22DEAB-3108-4CD4-B55F-759193FF0193}.Release|Any CPU.ActiveCfg = Release|Any CPU
		{AD22DEAB-3108-4CD4-B55F-759193FF0193}.Release|Any CPU.Build.0 = Release|Any CPU
		{02672716-8FB2-4420-9FA7-57F6D6596A2B}.Debug|Any CPU.ActiveCfg = Debug|Any CPU
		{02672716-8FB2-4420-9FA7-57F6D6596A2B}.Debug|Any CPU.Build.0 = Debug|Any CPU
		{02672716-8FB2-4420-9FA7-57F6D6596A2B}.Release|Any CPU.ActiveCfg = Release|Any CPU
		{02672716-8FB2-4420-9FA7-57F6D6596A2B}.Release|Any CPU.Build.0 = Release|Any CPU
	EndGlobalSection
	GlobalSection(SolutionProperties) = preSolution
		HideSolutionNode = FALSE
	EndGlobalSection
	GlobalSection(ExtensibilityGlobals) = postSolution
		SolutionGuid = {3E9233C5-C6DB-4D02-BADC-30F42FD89FC1}
	EndGlobalSection
EndGlobal
