
Microsoft Visual Studio Solution File, Format Version 12.00
# Visual Studio Version 17
VisualStudioVersion = 17.9.34728.123
MinimumVisualStudioVersion = 10.0.40219.1
Project("{9A19103F-16F7-4668-BE54-9A1E7A4F7556}") = "Sheenam.Api", "Sheenam.Api\Sheenam.Api.csproj", "{333979CF-60B6-4C86-8876-AC39919C166E}"
EndProject
Project("{FAE04EC0-301F-11D3-BF4B-00C04F79EFBC}") = "Sheenam.Api.Tests.Unit", "Sheenam.Api.Tests.Unit\Sheenam.Api.Tests.Unit.csproj", "{CC40B762-DD69-4595-9D3D-BC4EC91F30F7}"
EndProject
Project("{FAE04EC0-301F-11D3-BF4B-00C04F79EFBC}") = "Sheenam.Api.Infrastructure.Build", "Sheenam.Api.Infrastructure.Build\Sheenam.Api.Infrastructure.Build.csproj", "{07EBAAD2-D83D-42CF-88B5-85AE1EDCF9D9}"
EndProject
Global
	GlobalSection(SolutionConfigurationPlatforms) = preSolution
		Debug|Any CPU = Debug|Any CPU
		Release|Any CPU = Release|Any CPU
	EndGlobalSection
	GlobalSection(ProjectConfigurationPlatforms) = postSolution
		{333979CF-60B6-4C86-8876-AC39919C166E}.Debug|Any CPU.ActiveCfg = Debug|Any CPU
		{333979CF-60B6-4C86-8876-AC39919C166E}.Debug|Any CPU.Build.0 = Debug|Any CPU
		{333979CF-60B6-4C86-8876-AC39919C166E}.Release|Any CPU.ActiveCfg = Release|Any CPU
		{333979CF-60B6-4C86-8876-AC39919C166E}.Release|Any CPU.Build.0 = Release|Any CPU
		{CC40B762-DD69-4595-9D3D-BC4EC91F30F7}.Debug|Any CPU.ActiveCfg = Debug|Any CPU
		{CC40B762-DD69-4595-9D3D-BC4EC91F30F7}.Debug|Any CPU.Build.0 = Debug|Any CPU
		{CC40B762-DD69-4595-9D3D-BC4EC91F30F7}.Release|Any CPU.ActiveCfg = Release|Any CPU
		{CC40B762-DD69-4595-9D3D-BC4EC91F30F7}.Release|Any CPU.Build.0 = Release|Any CPU
		{07EBAAD2-D83D-42CF-88B5-85AE1EDCF9D9}.Debug|Any CPU.ActiveCfg = Debug|Any CPU
		{07EBAAD2-D83D-42CF-88B5-85AE1EDCF9D9}.Debug|Any CPU.Build.0 = Debug|Any CPU
		{07EBAAD2-D83D-42CF-88B5-85AE1EDCF9D9}.Release|Any CPU.ActiveCfg = Release|Any CPU
		{07EBAAD2-D83D-42CF-88B5-85AE1EDCF9D9}.Release|Any CPU.Build.0 = Release|Any CPU
	EndGlobalSection
	GlobalSection(SolutionProperties) = preSolution
		HideSolutionNode = FALSE
	EndGlobalSection
	GlobalSection(ExtensibilityGlobals) = postSolution
		SolutionGuid = {67E89A68-2325-4746-8752-578C7294C2AE}
	EndGlobalSection
EndGlobal
